
Microsoft Visual Studio Solution File, Format Version 12.00
# Visual Studio 15
VisualStudioVersion = 15.0.28010.2036
MinimumVisualStudioVersion = 10.0.40219.1
Project("{FAE04EC0-301F-11D3-BF4B-00C04F79EFBC}") = "BlockedNQueens_IterativeDeepeningDepthFirstSearch", "BlockedNQueens_IterativeDeepeningDepthFirstSearch\BlockedNQueens_IterativeDeepeningDepthFirstSearch.csproj", "{4C3F33EC-DD59-4915-AA9F-422E4735D95E}"
EndProject
Global
	GlobalSection(SolutionConfigurationPlatforms) = preSolution
		Debug|Any CPU = Debug|Any CPU
		Release|Any CPU = Release|Any CPU
	EndGlobalSection
	GlobalSection(ProjectConfigurationPlatforms) = postSolution
		{4C3F33EC-DD59-4915-AA9F-422E4735D95E}.Debug|Any CPU.ActiveCfg = Debug|Any CPU
		{4C3F33EC-DD59-4915-AA9F-422E4735D95E}.Debug|Any CPU.Build.0 = Debug|Any CPU
		{4C3F33EC-DD59-4915-AA9F-422E4735D95E}.Release|Any CPU.ActiveCfg = Release|Any CPU
		{4C3F33EC-DD59-4915-AA9F-422E4735D95E}.Release|Any CPU.Build.0 = Release|Any CPU
	EndGlobalSection
	GlobalSection(SolutionProperties) = preSolution
		HideSolutionNode = FALSE
	EndGlobalSection
	GlobalSection(ExtensibilityGlobals) = postSolution
		SolutionGuid = {9D11ADF3-BDF4-4F42-88BC-60DD7C615EDD}
	EndGlobalSection
EndGlobal
